
Microsoft Visual Studio Solution File, Format Version 12.00
# Visual Studio Version 17
VisualStudioVersion = 17.13.35806.99
MinimumVisualStudioVersion = 10.0.40219.1
Project("{FAE04EC0-301F-11D3-BF4B-00C04F79EFBC}") = "OrderService", "OrderService\OrderService.csproj", "{A38BB360-0FB4-4AC2-9173-DDD562BAE56A}"
EndProject
Project("{FAE04EC0-301F-11D3-BF4B-00C04F79EFBC}") = "InventoryService", "InventoryService\InventoryService.csproj", "{9BE9D0C6-5917-4C37-9BBF-27A3E9BE31BD}"
EndProject
Project("{FAE04EC0-301F-11D3-BF4B-00C04F79EFBC}") = "NotificationService", "NotificationService\NotificationService.csproj", "{6EF86FFF-ED1A-441C-9C30-50546BE74CE4}"
EndProject
Project("{FAE04EC0-301F-11D3-BF4B-00C04F79EFBC}") = "ApiGateway", "ApiGateway\ApiGateway.csproj", "{65578EB0-578C-487F-BE16-096B5DF82F85}"
EndProject
Project("{FAE04EC0-301F-11D3-BF4B-00C04F79EFBC}") = "Shared", "Shared\Shared.csproj", "{91D74937-BB65-4346-9577-1864D4BFB0E2}"
EndProject
Project("{FAE04EC0-301F-11D3-BF4B-00C04F79EFBC}") = "UserService", "UserService\UserService.csproj", "{E959E7C6-2C76-434B-97EE-9060BCD269FF}"
EndProject
Project("{FAE04EC0-301F-11D3-BF4B-00C04F79EFBC}") = "Infrastructure", "Infrastructure\Infrastructure.csproj", "{7B68CCBE-7DC5-4A12-8B9F-ACF7FF86C469}"
EndProject
Project("{FAE04EC0-301F-11D3-BF4B-00C04F79EFBC}") = "OrderService.Tests", "OrderService.Tests\OrderService.Tests.csproj", "{C8698DA5-1D00-4178-B527-ABABA999026E}"
EndProject
Project("{2150E333-8FDC-42A3-9474-1A3956D46DE8}") = ".github", ".github", "{02EA681E-C7D8-13C7-8484-4AC65E1B71E8}"
EndProject
Project("{2150E333-8FDC-42A3-9474-1A3956D46DE8}") = "workflows", "workflows", "{AF6563F2-91C5-4820-AED9-8FE8786C2895}"
	ProjectSection(SolutionItems) = preProject
		ci.yml = ci.yml
	EndProjectSection
EndProject
Project("{2150E333-8FDC-42A3-9474-1A3956D46DE8}") = "Solution Items", "Solution Items", "{8EC462FD-D22E-90A8-E5CE-7E832BA40C5D}"
	ProjectSection(SolutionItems) = preProject
		Jenkinsfile.txt = Jenkinsfile.txt
	EndProjectSection
EndProject
Global
	GlobalSection(SolutionConfigurationPlatforms) = preSolution
		Debug|Any CPU = Debug|Any CPU
		Release|Any CPU = Release|Any CPU
	EndGlobalSection
	GlobalSection(ProjectConfigurationPlatforms) = postSolution
		{A38BB360-0FB4-4AC2-9173-DDD562BAE56A}.Debug|Any CPU.ActiveCfg = Debug|Any CPU
		{A38BB360-0FB4-4AC2-9173-DDD562BAE56A}.Debug|Any CPU.Build.0 = Debug|Any CPU
		{A38BB360-0FB4-4AC2-9173-DDD562BAE56A}.Release|Any CPU.ActiveCfg = Release|Any CPU
		{A38BB360-0FB4-4AC2-9173-DDD562BAE56A}.Release|Any CPU.Build.0 = Release|Any CPU
		{9BE9D0C6-5917-4C37-9BBF-27A3E9BE31BD}.Debug|Any CPU.ActiveCfg = Debug|Any CPU
		{9BE9D0C6-5917-4C37-9BBF-27A3E9BE31BD}.Debug|Any CPU.Build.0 = Debug|Any CPU
		{9BE9D0C6-5917-4C37-9BBF-27A3E9BE31BD}.Release|Any CPU.ActiveCfg = Release|Any CPU
		{9BE9D0C6-5917-4C37-9BBF-27A3E9BE31BD}.Release|Any CPU.Build.0 = Release|Any CPU
		{6EF86FFF-ED1A-441C-9C30-50546BE74CE4}.Debug|Any CPU.ActiveCfg = Debug|Any CPU
		{6EF86FFF-ED1A-441C-9C30-50546BE74CE4}.Debug|Any CPU.Build.0 = Debug|Any CPU
		{6EF86FFF-ED1A-441C-9C30-50546BE74CE4}.Release|Any CPU.ActiveCfg = Release|Any CPU
		{6EF86FFF-ED1A-441C-9C30-50546BE74CE4}.Release|Any CPU.Build.0 = Release|Any CPU
		{65578EB0-578C-487F-BE16-096B5DF82F85}.Debug|Any CPU.ActiveCfg = Debug|Any CPU
		{65578EB0-578C-487F-BE16-096B5DF82F85}.Debug|Any CPU.Build.0 = Debug|Any CPU
		{65578EB0-578C-487F-BE16-096B5DF82F85}.Release|Any CPU.ActiveCfg = Release|Any CPU
		{65578EB0-578C-487F-BE16-096B5DF82F85}.Release|Any CPU.Build.0 = Release|Any CPU
		{91D74937-BB65-4346-9577-1864D4BFB0E2}.Debug|Any CPU.ActiveCfg = Debug|Any CPU
		{91D74937-BB65-4346-9577-1864D4BFB0E2}.Debug|Any CPU.Build.0 = Debug|Any CPU
		{91D74937-BB65-4346-9577-1864D4BFB0E2}.Release|Any CPU.ActiveCfg = Release|Any CPU
		{91D74937-BB65-4346-9577-1864D4BFB0E2}.Release|Any CPU.Build.0 = Release|Any CPU
		{E959E7C6-2C76-434B-97EE-9060BCD269FF}.Debug|Any CPU.ActiveCfg = Debug|Any CPU
		{E959E7C6-2C76-434B-97EE-9060BCD269FF}.Debug|Any CPU.Build.0 = Debug|Any CPU
		{E959E7C6-2C76-434B-97EE-9060BCD269FF}.Release|Any CPU.ActiveCfg = Release|Any CPU
		{E959E7C6-2C76-434B-97EE-9060BCD269FF}.Release|Any CPU.Build.0 = Release|Any CPU
		{7B68CCBE-7DC5-4A12-8B9F-ACF7FF86C469}.Debug|Any CPU.ActiveCfg = Debug|Any CPU
		{7B68CCBE-7DC5-4A12-8B9F-ACF7FF86C469}.Debug|Any CPU.Build.0 = Debug|Any CPU
		{7B68CCBE-7DC5-4A12-8B9F-ACF7FF86C469}.Release|Any CPU.ActiveCfg = Release|Any CPU
		{7B68CCBE-7DC5-4A12-8B9F-ACF7FF86C469}.Release|Any CPU.Build.0 = Release|Any CPU
		{C8698DA5-1D00-4178-B527-ABABA999026E}.Debug|Any CPU.ActiveCfg = Debug|Any CPU
		{C8698DA5-1D00-4178-B527-ABABA999026E}.Debug|Any CPU.Build.0 = Debug|Any CPU
		{C8698DA5-1D00-4178-B527-ABABA999026E}.Release|Any CPU.ActiveCfg = Release|Any CPU
		{C8698DA5-1D00-4178-B527-ABABA999026E}.Release|Any CPU.Build.0 = Release|Any CPU
	EndGlobalSection
	GlobalSection(SolutionProperties) = preSolution
		HideSolutionNode = FALSE
	EndGlobalSection
	GlobalSection(NestedProjects) = preSolution
		{AF6563F2-91C5-4820-AED9-8FE8786C2895} = {02EA681E-C7D8-13C7-8484-4AC65E1B71E8}
	EndGlobalSection
	GlobalSection(ExtensibilityGlobals) = postSolution
		SolutionGuid = {DE0B33DA-7DA0-43B4-B0EA-FC8DFAB99DB7}
	EndGlobalSection
EndGlobal
